{
  "nodes": {
    "crane": {
      "locked": {
        "lastModified": 1728344376,
        "narHash": "sha256-lxTce2XE6mfJH8Zk6yBbqsbu9/jpwdymbSH5cCbiVOA=",
        "owner": "ipetkov",
        "repo": "crane",
        "rev": "fd86b78f5f35f712c72147427b1eb81a9bd55d0b",
        "type": "github"
      },
      "original": {
        "owner": "ipetkov",
        "repo": "crane",
        "type": "github"
      }
    },
    "nixpkgs": {
      "locked": {
        "lastModified": 1728241625,
        "narHash": "sha256-yumd4fBc/hi8a9QgA9IT8vlQuLZ2oqhkJXHPKxH/tRw=",
        "owner": "NixOS",
        "repo": "nixpkgs",
        "rev": "c31898adf5a8ed202ce5bea9f347b1c6871f32d1",
        "type": "github"
      },
      "original": {
        "owner": "NixOS",
        "ref": "nixos-unstable",
        "repo": "nixpkgs",
        "type": "github"
      }
    },
    "root": {
      "inputs": {
        "crane": "crane",
        "nixpkgs": "nixpkgs"
      }
    }
  },
  "root": "root",
  "version": 7
}
